{
  "name": "hytopia",
  "version": "0.1.1",
  "lockfileVersion": 3,
  "requires": true,
  "packages": {
    "": {
      "name": "hytopia",
      "version": "0.1.1",
      "license": "SEE LICENSE IN LICENSE.md"
    },
    "../../../../.nvm/versions/node/v18.19.0/lib/node_modules/hytopia": {
      "version": "0.1.1",
      "extraneous": true,
      "license": "SEE LICENSE IN LICENSE.md"
    }
  }
}
